// !$*UTF8*$!
{
	archiveVersion = 1;
	classes = {
	};
	objectVersion = 50;
	objects = {

/* Begin PBXBuildFile section */
		0FB94687224A54F100D18D28 /* GameScene.swift in Sources */ = {isa = PBXBuildFile; fileRef = 0FB94685224A54F100D18D28 /* GameScene.swift */; };
		0FB94688224A54F100D18D28 /* MainMenuScene.swift in Sources */ = {isa = PBXBuildFile; fileRef = 0FB94686224A54F100D18D28 /* MainMenuScene.swift */; };
		0FB9468B224A552B00D18D28 /* Bird.swift in Sources */ = {isa = PBXBuildFile; fileRef = 0FB9468A224A552B00D18D28 /* Bird.swift */; };
		0FB9468F224A556300D18D28 /* MainMenuScene.sks in Resources */ = {isa = PBXBuildFile; fileRef = 0FB9468D224A556300D18D28 /* MainMenuScene.sks */; };
		0FB94690224A556300D18D28 /* GameScene.sks in Resources */ = {isa = PBXBuildFile; fileRef = 0FB9468E224A556300D18D28 /* GameScene.sks */; };
		0FB94692224A590B00D18D28 /* bird.atlas in Resources */ = {isa = PBXBuildFile; fileRef = 0FB94691224A590B00D18D28 /* bird.atlas */; };
		0FB94694224A598D00D18D28 /* Helpers.swift in Sources */ = {isa = PBXBuildFile; fileRef = 0FB94693224A598D00D18D28 /* Helpers.swift */; };
		0FE9517F2247B95300A31346 /* AppDelegate.swift in Sources */ = {isa = PBXBuildFile; fileRef = 0FE9517E2247B95300A31346 /* AppDelegate.swift */; };
		0FE951812247B95300A31346 /* ViewController.swift in Sources */ = {isa = PBXBuildFile; fileRef = 0FE951802247B95300A31346 /* ViewController.swift */; };
		0FE951842247B95300A31346 /* Main.storyboard in Resources */ = {isa = PBXBuildFile; fileRef = 0FE951822247B95300A31346 /* Main.storyboard */; };
		0FE951862247B95500A31346 /* Assets.xcassets in Resources */ = {isa = PBXBuildFile; fileRef = 0FE951852247B95500A31346 /* Assets.xcassets */; };
		0FE951892247B95500A31346 /* LaunchScreen.storyboard in Resources */ = {isa = PBXBuildFile; fileRef = 0FE951872247B95500A31346 /* LaunchScreen.storyboard */; };
/* End PBXBuildFile section */

/* Begin PBXFileReference section */
		0FB94685224A54F100D18D28 /* GameScene.swift */ = {isa = PBXFileReference; fileEncoding = 4; lastKnownFileType = sourcecode.swift; path = GameScene.swift; sourceTree = "<group>"; };
		0FB94686224A54F100D18D28 /* MainMenuScene.swift */ = {isa = PBXFileReference; fileEncoding = 4; lastKnownFileType = sourcecode.swift; path = MainMenuScene.swift; sourceTree = "<group>"; };
		0FB9468A224A552B00D18D28 /* Bird.swift */ = {isa = PBXFileReference; fileEncoding = 4; lastKnownFileType = sourcecode.swift; path = Bird.swift; sourceTree = "<group>"; };
		0FB9468D224A556300D18D28 /* MainMenuScene.sks */ = {isa = PBXFileReference; lastKnownFileType = file.sks; path = MainMenuScene.sks; sourceTree = "<group>"; };
		0FB9468E224A556300D18D28 /* GameScene.sks */ = {isa = PBXFileReference; lastKnownFileType = file.sks; path = GameScene.sks; sourceTree = "<group>"; };
		0FB94691224A590B00D18D28 /* bird.atlas */ = {isa = PBXFileReference; lastKnownFileType = folder.skatlas; path = bird.atlas; sourceTree = "<group>"; };
		0FB94693224A598D00D18D28 /* Helpers.swift */ = {isa = PBXFileReference; fileEncoding = 4; lastKnownFileType = sourcecode.swift; path = Helpers.swift; sourceTree = "<group>"; };
		0FE9517B2247B95300A31346 /* ARDemo.app */ = {isa = PBXFileReference; explicitFileType = wrapper.application; includeInIndex = 0; path = ARDemo.app; sourceTree = BUILT_PRODUCTS_DIR; };
		0FE9517E2247B95300A31346 /* AppDelegate.swift */ = {isa = PBXFileReference; lastKnownFileType = sourcecode.swift; path = AppDelegate.swift; sourceTree = "<group>"; };
		0FE951802247B95300A31346 /* ViewController.swift */ = {isa = PBXFileReference; lastKnownFileType = sourcecode.swift; path = ViewController.swift; sourceTree = "<group>"; };
		0FE951832247B95300A31346 /* Base */ = {isa = PBXFileReference; lastKnownFileType = file.storyboard; name = Base; path = Base.lproj/Main.storyboard; sourceTree = "<group>"; };
		0FE951852247B95500A31346 /* Assets.xcassets */ = {isa = PBXFileReference; lastKnownFileType = folder.assetcatalog; path = Assets.xcassets; sourceTree = "<group>"; };
		0FE951882247B95500A31346 /* Base */ = {isa = PBXFileReference; lastKnownFileType = file.storyboard; name = Base; path = Base.lproj/LaunchScreen.storyboard; sourceTree = "<group>"; };
		0FE9518A2247B95500A31346 /* Info.plist */ = {isa = PBXFileReference; lastKnownFileType = text.plist.xml; path = Info.plist; sourceTree = "<group>"; };
/* End PBXFileReference section */

/* Begin PBXFrameworksBuildPhase section */
		0FE951782247B95300A31346 /* Frameworks */ = {
			isa = PBXFrameworksBuildPhase;
			buildActionMask = 2147483647;
			files = (
			);
			runOnlyForDeploymentPostprocessing = 0;
		};
/* End PBXFrameworksBuildPhase section */

/* Begin PBXGroup section */
		0FB94684224A549400D18D28 /* SceneClasses */ = {
			isa = PBXGroup;
			children = (
				0FB94685224A54F100D18D28 /* GameScene.swift */,
				0FB94686224A54F100D18D28 /* MainMenuScene.swift */,
			);
			path = SceneClasses;
			sourceTree = "<group>";
		};
		0FB94689224A550100D18D28 /* Sprites */ = {
			isa = PBXGroup;
			children = (
				0FB9468A224A552B00D18D28 /* Bird.swift */,
			);
			path = Sprites;
			sourceTree = "<group>";
		};
		0FB9468C224A553900D18D28 /* SceneFiles */ = {
			isa = PBXGroup;
			children = (
				0FB9468E224A556300D18D28 /* GameScene.sks */,
				0FB9468D224A556300D18D28 /* MainMenuScene.sks */,
			);
			path = SceneFiles;
			sourceTree = "<group>";
		};
		0FE951722247B95300A31346 = {
			isa = PBXGroup;
			children = (
				0FE9517D2247B95300A31346 /* ARDemo */,
				0FE9517C2247B95300A31346 /* Products */,
			);
			sourceTree = "<group>";
		};
		0FE9517C2247B95300A31346 /* Products */ = {
			isa = PBXGroup;
			children = (
				0FE9517B2247B95300A31346 /* ARDemo.app */,
			);
			name = Products;
			sourceTree = "<group>";
		};
		0FE9517D2247B95300A31346 /* ARDemo */ = {
			isa = PBXGroup;
			children = (
				0FB94693224A598D00D18D28 /* Helpers.swift */,
				0FB9468C224A553900D18D28 /* SceneFiles */,
				0FB94689224A550100D18D28 /* Sprites */,
				0FB94684224A549400D18D28 /* SceneClasses */,
				0FB94691224A590B00D18D28 /* bird.atlas */,
				0FE9517E2247B95300A31346 /* AppDelegate.swift */,
				0FE951802247B95300A31346 /* ViewController.swift */,
				0FE951822247B95300A31346 /* Main.storyboard */,
				0FE951852247B95500A31346 /* Assets.xcassets */,
				0FE951872247B95500A31346 /* LaunchScreen.storyboard */,
				0FE9518A2247B95500A31346 /* Info.plist */,
			);
			path = ARDemo;
			sourceTree = "<group>";
		};
/* End PBXGroup section */

/* Begin PBXNativeTarget section */
		0FE9517A2247B95300A31346 /* ARDemo */ = {
			isa = PBXNativeTarget;
			buildConfigurationList = 0FE9518D2247B95500A31346 /* Build configuration list for PBXNativeTarget "ARDemo" */;
			buildPhases = (
				0FE951772247B95300A31346 /* Sources */,
				0FE951782247B95300A31346 /* Frameworks */,
				0FE951792247B95300A31346 /* Resources */,
			);
			buildRules = (
			);
			dependencies = (
			);
			name = ARDemo;
			productName = ARDemo;
			productReference = 0FE9517B2247B95300A31346 /* ARDemo.app */;
			productType = "com.apple.product-type.application";
		};
/* End PBXNativeTarget section */

/* Begin PBXProject section */
		0FE951732247B95300A31346 /* Project object */ = {
			isa = PBXProject;
			attributes = {
				LastSwiftUpdateCheck = 1010;
				LastUpgradeCheck = 1010;
				ORGANIZATIONNAME = MMD;
				TargetAttributes = {
					0FE9517A2247B95300A31346 = {
						CreatedOnToolsVersion = 10.1;
					};
				};
			};
			buildConfigurationList = 0FE951762247B95300A31346 /* Build configuration list for PBXProject "ARDemo" */;
			compatibilityVersion = "Xcode 9.3";
			developmentRegion = en;
			hasScannedForEncodings = 0;
			knownRegions = (
				en,
				Base,
			);
			mainGroup = 0FE951722247B95300A31346;
			productRefGroup = 0FE9517C2247B95300A31346 /* Products */;
			projectDirPath = "";
			projectRoot = "";
			targets = (
				0FE9517A2247B95300A31346 /* ARDemo */,
			);
		};
/* End PBXProject section */

/* Begin PBXResourcesBuildPhase section */
		0FE951792247B95300A31346 /* Resources */ = {
			isa = PBXResourcesBuildPhase;
			buildActionMask = 2147483647;
			files = (
				0FB94692224A590B00D18D28 /* bird.atlas in Resources */,
				0FE951892247B95500A31346 /* LaunchScreen.storyboard in Resources */,
				0FE951862247B95500A31346 /* Assets.xcassets in Resources */,
				0FE951842247B95300A31346 /* Main.storyboard in Resources */,
				0FB94690224A556300D18D28 /* GameScene.sks in Resources */,
				0FB9468F224A556300D18D28 /* MainMenuScene.sks in Resources */,
			);
			runOnlyForDeploymentPostprocessing = 0;
		};
/* End PBXResourcesBuildPhase section */

/* Begin PBXSourcesBuildPhase section */
		0FE951772247B95300A31346 /* Sources */ = {
			isa = PBXSourcesBuildPhase;
			buildActionMask = 2147483647;
			files = (
				0FB94688224A54F100D18D28 /* MainMenuScene.swift in Sources */,
				0FB94694224A598D00D18D28 /* Helpers.swift in Sources */,
				0FE951812247B95300A31346 /* ViewController.swift in Sources */,
				0FE9517F2247B95300A31346 /* AppDelegate.swift in Sources */,
				0FB94687224A54F100D18D28 /* GameScene.swift in Sources */,
				0FB9468B224A552B00D18D28 /* Bird.swift in Sources */,
			);
			runOnlyForDeploymentPostprocessing = 0;
		};
/* End PBXSourcesBuildPhase section */

/* Begin PBXVariantGroup section */
		0FE951822247B95300A31346 /* Main.storyboard */ = {
			isa = PBXVariantGroup;
			children = (
				0FE951832247B95300A31346 /* Base */,
			);
			name = Main.storyboard;
			sourceTree = "<group>";
		};
		0FE951872247B95500A31346 /* LaunchScreen.storyboard */ = {
			isa = PBXVariantGroup;
			children = (
				0FE951882247B95500A31346 /* Base */,
			);
			name = LaunchScreen.storyboard;
			sourceTree = "<group>";
		};
/* End PBXVariantGroup section */

/* Begin XCBuildConfiguration section */
		0FE9518B2247B95500A31346 /* Debug */ = {
			isa = XCBuildConfiguration;
			buildSettings = {
				ALWAYS_SEARCH_USER_PATHS = NO;
				CLANG_ANALYZER_NONNULL = YES;
				CLANG_ANALYZER_NUMBER_OBJECT_CONVERSION = YES_AGGRESSIVE;
				CLANG_CXX_LANGUAGE_STANDARD = "gnu++14";
				CLANG_CXX_LIBRARY = "libc++";
				CLANG_ENABLE_MODULES = YES;
				CLANG_ENABLE_OBJC_ARC = YES;
				CLANG_ENABLE_OBJC_WEAK = YES;
				CLANG_WARN_BLOCK_CAPTURE_AUTORELEASING = YES;
				CLANG_WARN_BOOL_CONVERSION = YES;
				CLANG_WARN_COMMA = YES;
				CLANG_WARN_CONSTANT_CONVERSION = YES;
				CLANG_WARN_DEPRECATED_OBJC_IMPLEMENTATIONS = YES;
				CLANG_WARN_DIRECT_OBJC_ISA_USAGE = YES_ERROR;
				CLANG_WARN_DOCUMENTATION_COMMENTS = YES;
				CLANG_WARN_EMPTY_BODY = YES;
				CLANG_WARN_ENUM_CONVERSION = YES;
				CLANG_WARN_INFINITE_RECURSION = YES;
				CLANG_WARN_INT_CONVERSION = YES;
				CLANG_WARN_NON_LITERAL_NULL_CONVERSION = YES;
				CLANG_WARN_OBJC_IMPLICIT_RETAIN_SELF = YES;
				CLANG_WARN_OBJC_LITERAL_CONVERSION = YES;
				CLANG_WARN_OBJC_ROOT_CLASS = YES_ERROR;
				CLANG_WARN_RANGE_LOOP_ANALYSIS = YES;
				CLANG_WARN_STRICT_PROTOTYPES = YES;
				CLANG_WARN_SUSPICIOUS_MOVE = YES;
				CLANG_WARN_UNGUARDED_AVAILABILITY = YES_AGGRESSIVE;
				CLANG_WARN_UNREACHABLE_CODE = YES;
				CLANG_WARN__DUPLICATE_METHOD_MATCH = YES;
				CODE_SIGN_IDENTITY = "iPhone Developer";
				COPY_PHASE_STRIP = NO;
				DEBUG_INFORMATION_FORMAT = dwarf;
				ENABLE_STRICT_OBJC_MSGSEND = YES;
				ENABLE_TESTABILITY = YES;
				GCC_C_LANGUAGE_STANDARD = gnu11;
				GCC_DYNAMIC_NO_PIC = NO;
				GCC_NO_COMMON_BLOCKS = YES;
				GCC_OPTIMIZATION_LEVEL = 0;
				GCC_PREPROCESSOR_DEFINITIONS = (
					"DEBUG=1",
					"$(inherited)",
				);
				GCC_WARN_64_TO_32_BIT_CONVERSION = YES;
				GCC_WARN_ABOUT_RETURN_TYPE = YES_ERROR;
				GCC_WARN_UNDECLARED_SELECTOR = YES;
				GCC_WARN_UNINITIALIZED_AUTOS = YES_AGGRESSIVE;
				GCC_WARN_UNUSED_FUNCTION = YES;
				GCC_WARN_UNUSED_VARIABLE = YES;
				IPHONEOS_DEPLOYMENT_TARGET = 12.1;
				MTL_ENABLE_DEBUG_INFO = INCLUDE_SOURCE;
				MTL_FAST_MATH = YES;
				ONLY_ACTIVE_ARCH = YES;
				SDKROOT = iphoneos;
				SWIFT_ACTIVE_COMPILATION_CONDITIONS = DEBUG;
				SWIFT_OPTIMIZATION_LEVEL = "-Onone";
			};
			name = Debug;
		};
		0FE9518C2247B95500A31346 /* Release */ = {
			isa = XCBuildConfiguration;
			buildSettings = {
				ALWAYS_SEARCH_USER_PATHS = NO;
				CLANG_ANALYZER_NONNULL = YES;
				CLANG_ANALYZER_NUMBER_OBJECT_CONVERSION = YES_AGGRESSIVE;
				CLANG_CXX_LANGUAGE_STANDARD = "gnu++14";
				CLANG_CXX_LIBRARY = "libc++";
				CLANG_ENABLE_MODULES = YES;
				CLANG_ENABLE_OBJC_ARC = YES;
				CLANG_ENABLE_OBJC_WEAK = YES;
				CLANG_WARN_BLOCK_CAPTURE_AUTORELEASING = YES;
				CLANG_WARN_BOOL_CONVERSION = YES;
				CLANG_WARN_COMMA = YES;
				CLANG_WARN_CONSTANT_CONVERSION = YES;
				CLANG_WARN_DEPRECATED_OBJC_IMPLEMENTATIONS = YES;
				CLANG_WARN_DIRECT_OBJC_ISA_USAGE = YES_ERROR;
				CLANG_WARN_DOCUMENTATION_COMMENTS = YES;
				CLANG_WARN_EMPTY_BODY = YES;
				CLANG_WARN_ENUM_CONVERSION = YES;
				CLANG_WARN_INFINITE_RECURSION = YES;
				CLANG_WARN_INT_CONVERSION = YES;
				CLANG_WARN_NON_LITERAL_NULL_CONVERSION = YES;
				CLANG_WARN_OBJC_IMPLICIT_RETAIN_SELF = YES;
				CLANG_WARN_OBJC_LITERAL_CONVERSION = YES;
				CLANG_WARN_OBJC_ROOT_CLASS = YES_ERROR;
				CLANG_WARN_RANGE_LOOP_ANALYSIS = YES;
				CLANG_WARN_STRICT_PROTOTYPES = YES;
				CLANG_WARN_SUSPICIOUS_MOVE = YES;
				CLANG_WARN_UNGUARDED_AVAILABILITY = YES_AGGRESSIVE;
				CLANG_WARN_UNREACHABLE_CODE = YES;
				CLANG_WARN__DUPLICATE_METHOD_MATCH = YES;
				CODE_SIGN_IDENTITY = "iPhone Developer";
				COPY_PHASE_STRIP = NO;
				DEBUG_INFORMATION_FORMAT = "dwarf-with-dsym";
				ENABLE_NS_ASSERTIONS = NO;
				ENABLE_STRICT_OBJC_MSGSEND = YES;
				GCC_C_LANGUAGE_STANDARD = gnu11;
				GCC_NO_COMMON_BLOCKS = YES;
				GCC_WARN_64_TO_32_BIT_CONVERSION = YES;
				GCC_WARN_ABOUT_RETURN_TYPE = YES_ERROR;
				GCC_WARN_UNDECLARED_SELECTOR = YES;
				GCC_WARN_UNINITIALIZED_AUTOS = YES_AGGRESSIVE;
				GCC_WARN_UNUSED_FUNCTION = YES;
				GCC_WARN_UNUSED_VARIABLE = YES;
				IPHONEOS_DEPLOYMENT_TARGET = 12.1;
				MTL_ENABLE_DEBUG_INFO = NO;
				MTL_FAST_MATH = YES;
				SDKROOT = iphoneos;
				SWIFT_COMPILATION_MODE = wholemodule;
				SWIFT_OPTIMIZATION_LEVEL = "-O";
				VALIDATE_PRODUCT = YES;
			};
			name = Release;
		};
		0FE9518E2247B95500A31346 /* Debug */ = {
			isa = XCBuildConfiguration;
			buildSettings = {
				ASSETCATALOG_COMPILER_APPICON_NAME = AppIcon;
				CODE_SIGN_STYLE = Automatic;
				DEVELOPMENT_TEAM = 7G7238MTLW;
				INFOPLIST_FILE = ARDemo/Info.plist;
				LD_RUNPATH_SEARCH_PATHS = (
					"$(inherited)",
					"@executable_path/Frameworks",
				);
				PRODUCT_BUNDLE_IDENTIFIER = com.MMD.ARDemo;
				PRODUCT_NAME = "$(TARGET_NAME)";
				SWIFT_VERSION = 4.2;
				TARGETED_DEVICE_FAMILY = "1,2";
			};
			name = Debug;
		};
		0FE9518F2247B95500A31346 /* Release */ = {
			isa = XCBuildConfiguration;
			buildSettings = {
				ASSETCATALOG_COMPILER_APPICON_NAME = AppIcon;
				CODE_SIGN_STYLE = Automatic;
				DEVELOPMENT_TEAM = 7G7238MTLW;
				INFOPLIST_FILE = ARDemo/Info.plist;
				LD_RUNPATH_SEARCH_PATHS = (
					"$(inherited)",
					"@executable_path/Frameworks",
				);
				PRODUCT_BUNDLE_IDENTIFIER = com.MMD.ARDemo;
				PRODUCT_NAME = "$(TARGET_NAME)";
				SWIFT_VERSION = 4.2;
				TARGETED_DEVICE_FAMILY = "1,2";
			};
			name = Release;
		};
/* End XCBuildConfiguration section */

/* Begin XCConfigurationList section */
		0FE951762247B95300A31346 /* Build configuration list for PBXProject "ARDemo" */ = {
			isa = XCConfigurationList;
			buildConfigurations = (
				0FE9518B2247B95500A31346 /* Debug */,
				0FE9518C2247B95500A31346 /* Release */,
			);
			defaultConfigurationIsVisible = 0;
			defaultConfigurationName = Release;
		};
		0FE9518D2247B95500A31346 /* Build configuration list for PBXNativeTarget "ARDemo" */ = {
			isa = XCConfigurationList;
			buildConfigurations = (
				0FE9518E2247B95500A31346 /* Debug */,
				0FE9518F2247B95500A31346 /* Release */,
			);
			defaultConfigurationIsVisible = 0;
			defaultConfigurationName = Release;
		};
/* End XCConfigurationList section */
	};
	rootObject = 0FE951732247B95300A31346 /* Project object */;
}
